
Microsoft Visual Studio Solution File, Format Version 12.00
# Visual Studio Version 16
VisualStudioVersion = 16.0.29509.3
MinimumVisualStudioVersion = 15.0.26124.0
Project("{9A19103F-16F7-4668-BE54-9A1E7A4F7556}") = "AnyService", "AnyService\AnyService.csproj", "{356DE5F9-C785-4596-B524-CDF49305A5B8}"
EndProject
Project("{9A19103F-16F7-4668-BE54-9A1E7A4F7556}") = "AnyService.Tests", "AnyService.Tests\AnyService.Tests.csproj", "{36AA9895-6AA1-4A9C-8FC1-C0008E7CF208}"
EndProject
Project("{9A19103F-16F7-4668-BE54-9A1E7A4F7556}") = "AnyService.SampleApp", "AnyService.SampleApp\AnyService.SampleApp.csproj", "{2F6D9E79-F311-411B-A6AA-BC32D9123067}"
EndProject
Project("{2150E333-8FDC-42A3-9474-1A3956D46DE8}") = "AnyServiceModules", "AnyServiceModules", "{1B2B45B1-9CDC-4D19-84F8-EDCD50B1867A}"
EndProject
Project("{9A19103F-16F7-4668-BE54-9A1E7A4F7556}") = "AnyService.LiteDb", "AnyServiceModules\LiteDb\AnyService.LiteDb\AnyService.LiteDb.csproj", "{9EFF3BE6-585F-4CD8-9FEA-775E44BB87FA}"
EndProject
Project("{9A19103F-16F7-4668-BE54-9A1E7A4F7556}") = "AnyService.E2E", "AnyService.E2E\AnyService.E2E.csproj", "{27B7A974-F0E0-4732-85FA-1051155A4D5A}"
EndProject
Project("{9A19103F-16F7-4668-BE54-9A1E7A4F7556}") = "AnyService.EasyCaching", "AnyServiceModules\EasyCaching\AnyService.EasyCaching\AnyService.EasyCaching.csproj", "{0831F328-5E63-4B9D-8348-BEC0B4A2F5F6}"
EndProject
Project("{9A19103F-16F7-4668-BE54-9A1E7A4F7556}") = "AnyService.Core", "AnyService.Core\AnyService.Core.csproj", "{7716CB43-A241-4529-BBB5-455BF1EC1D97}"
EndProject
Project("{9A19103F-16F7-4668-BE54-9A1E7A4F7556}") = "AnyService.EasyCaching.Tests", "AnyServiceModules\EasyCaching\AnyService.EasyCaching.Tests\AnyService.EasyCaching.Tests.csproj", "{81057530-51E9-40EE-B64B-245A0173E570}"
EndProject
Project("{9A19103F-16F7-4668-BE54-9A1E7A4F7556}") = "AnyService.Core.Tests", "AnyService.Core.Tests\AnyService.Core.Tests.csproj", "{6755C92A-3A50-4221-9107-F05780851BEF}"
EndProject
Project("{2150E333-8FDC-42A3-9474-1A3956D46DE8}") = "LiteDb", "LiteDb", "{DEAD1573-581C-46B5-BA3C-D40213E7ADAB}"
EndProject
Project("{9A19103F-16F7-4668-BE54-9A1E7A4F7556}") = "AnyService.LiteDb.SampleApp", "AnyServiceModules\LiteDb\AnyService.LiteDb.SampleApp\AnyService.LiteDb.SampleApp.csproj", "{A92B20A5-4E3E-4FE9-B02D-921240253DD0}"
EndProject
Project("{2150E333-8FDC-42A3-9474-1A3956D46DE8}") = "EntityFramework", "EntityFramework", "{B7262043-B098-49CD-8CDB-7C56743D4EEA}"
EndProject
Project("{9A19103F-16F7-4668-BE54-9A1E7A4F7556}") = "AnyService.EntityFramework", "AnyServiceModules\EntityFramework\AnyService.EntityFramework\AnyService.EntityFramework.csproj", "{A2F4F267-8965-45DF-A8F4-F8CAE3BF861D}"
EndProject
Project("{9A19103F-16F7-4668-BE54-9A1E7A4F7556}") = "AnyService.EntityFramework.Tests", "AnyServiceModules\EntityFramework\AnyService.EntityFramework.Tests\AnyService.EntityFramework.Tests.csproj", "{3DA5958B-041B-47EA-BC66-03DC841060C4}"
EndProject
Project("{9A19103F-16F7-4668-BE54-9A1E7A4F7556}") = "AnyService.LiteDb.Tests", "AnyServiceModules\LiteDb\AnyService.LiteDb.Tests\AnyService.LiteDb.Tests.csproj", "{16EF8366-30DC-4284-B229-E96F0C31038A}"
EndProject
Project("{9A19103F-16F7-4668-BE54-9A1E7A4F7556}") = "AnyService.Utilities", "AnyService.Utilities\AnyService.Utilities.csproj", "{7DC42C52-B2CA-4F90-ABF2-5A1D0514E577}"
EndProject
Project("{9A19103F-16F7-4668-BE54-9A1E7A4F7556}") = "AnyService.Utilities.Tests", "AnyService.Utilities.Tests\AnyService.Utilities.Tests.csproj", "{657393B5-75FB-4088-BD7F-46E01D148F93}"
EndProject
Global
	GlobalSection(SolutionConfigurationPlatforms) = preSolution
		Debug|Any CPU = Debug|Any CPU
		Debug|x64 = Debug|x64
		Debug|x86 = Debug|x86
		Release|Any CPU = Release|Any CPU
		Release|x64 = Release|x64
		Release|x86 = Release|x86
	EndGlobalSection
	GlobalSection(ProjectConfigurationPlatforms) = postSolution
		{356DE5F9-C785-4596-B524-CDF49305A5B8}.Debug|Any CPU.ActiveCfg = Debug|Any CPU
		{356DE5F9-C785-4596-B524-CDF49305A5B8}.Debug|Any CPU.Build.0 = Debug|Any CPU
		{356DE5F9-C785-4596-B524-CDF49305A5B8}.Debug|x64.ActiveCfg = Debug|Any CPU
		{356DE5F9-C785-4596-B524-CDF49305A5B8}.Debug|x64.Build.0 = Debug|Any CPU
		{356DE5F9-C785-4596-B524-CDF49305A5B8}.Debug|x86.ActiveCfg = Debug|Any CPU
		{356DE5F9-C785-4596-B524-CDF49305A5B8}.Debug|x86.Build.0 = Debug|Any CPU
		{356DE5F9-C785-4596-B524-CDF49305A5B8}.Release|Any CPU.ActiveCfg = Release|Any CPU
		{356DE5F9-C785-4596-B524-CDF49305A5B8}.Release|Any CPU.Build.0 = Release|Any CPU
		{356DE5F9-C785-4596-B524-CDF49305A5B8}.Release|x64.ActiveCfg = Release|Any CPU
		{356DE5F9-C785-4596-B524-CDF49305A5B8}.Release|x64.Build.0 = Release|Any CPU
		{356DE5F9-C785-4596-B524-CDF49305A5B8}.Release|x86.ActiveCfg = Release|Any CPU
		{356DE5F9-C785-4596-B524-CDF49305A5B8}.Release|x86.Build.0 = Release|Any CPU
		{36AA9895-6AA1-4A9C-8FC1-C0008E7CF208}.Debug|Any CPU.ActiveCfg = Debug|Any CPU
		{36AA9895-6AA1-4A9C-8FC1-C0008E7CF208}.Debug|Any CPU.Build.0 = Debug|Any CPU
		{36AA9895-6AA1-4A9C-8FC1-C0008E7CF208}.Debug|x64.ActiveCfg = Debug|Any CPU
		{36AA9895-6AA1-4A9C-8FC1-C0008E7CF208}.Debug|x64.Build.0 = Debug|Any CPU
		{36AA9895-6AA1-4A9C-8FC1-C0008E7CF208}.Debug|x86.ActiveCfg = Debug|Any CPU
		{36AA9895-6AA1-4A9C-8FC1-C0008E7CF208}.Debug|x86.Build.0 = Debug|Any CPU
		{36AA9895-6AA1-4A9C-8FC1-C0008E7CF208}.Release|Any CPU.ActiveCfg = Release|Any CPU
		{36AA9895-6AA1-4A9C-8FC1-C0008E7CF208}.Release|Any CPU.Build.0 = Release|Any CPU
		{36AA9895-6AA1-4A9C-8FC1-C0008E7CF208}.Release|x64.ActiveCfg = Release|Any CPU
		{36AA9895-6AA1-4A9C-8FC1-C0008E7CF208}.Release|x64.Build.0 = Release|Any CPU
		{36AA9895-6AA1-4A9C-8FC1-C0008E7CF208}.Release|x86.ActiveCfg = Release|Any CPU
		{36AA9895-6AA1-4A9C-8FC1-C0008E7CF208}.Release|x86.Build.0 = Release|Any CPU
		{2F6D9E79-F311-411B-A6AA-BC32D9123067}.Debug|Any CPU.ActiveCfg = Debug|Any CPU
		{2F6D9E79-F311-411B-A6AA-BC32D9123067}.Debug|Any CPU.Build.0 = Debug|Any CPU
		{2F6D9E79-F311-411B-A6AA-BC32D9123067}.Debug|x64.ActiveCfg = Debug|Any CPU
		{2F6D9E79-F311-411B-A6AA-BC32D9123067}.Debug|x64.Build.0 = Debug|Any CPU
		{2F6D9E79-F311-411B-A6AA-BC32D9123067}.Debug|x86.ActiveCfg = Debug|Any CPU
		{2F6D9E79-F311-411B-A6AA-BC32D9123067}.Debug|x86.Build.0 = Debug|Any CPU
		{2F6D9E79-F311-411B-A6AA-BC32D9123067}.Release|Any CPU.ActiveCfg = Release|Any CPU
		{2F6D9E79-F311-411B-A6AA-BC32D9123067}.Release|Any CPU.Build.0 = Release|Any CPU
		{2F6D9E79-F311-411B-A6AA-BC32D9123067}.Release|x64.ActiveCfg = Release|Any CPU
		{2F6D9E79-F311-411B-A6AA-BC32D9123067}.Release|x64.Build.0 = Release|Any CPU
		{2F6D9E79-F311-411B-A6AA-BC32D9123067}.Release|x86.ActiveCfg = Release|Any CPU
		{2F6D9E79-F311-411B-A6AA-BC32D9123067}.Release|x86.Build.0 = Release|Any CPU
		{9EFF3BE6-585F-4CD8-9FEA-775E44BB87FA}.Debug|Any CPU.ActiveCfg = Debug|Any CPU
		{9EFF3BE6-585F-4CD8-9FEA-775E44BB87FA}.Debug|Any CPU.Build.0 = Debug|Any CPU
		{9EFF3BE6-585F-4CD8-9FEA-775E44BB87FA}.Debug|x64.ActiveCfg = Debug|Any CPU
		{9EFF3BE6-585F-4CD8-9FEA-775E44BB87FA}.Debug|x64.Build.0 = Debug|Any CPU
		{9EFF3BE6-585F-4CD8-9FEA-775E44BB87FA}.Debug|x86.ActiveCfg = Debug|Any CPU
		{9EFF3BE6-585F-4CD8-9FEA-775E44BB87FA}.Debug|x86.Build.0 = Debug|Any CPU
		{9EFF3BE6-585F-4CD8-9FEA-775E44BB87FA}.Release|Any CPU.ActiveCfg = Release|Any CPU
		{9EFF3BE6-585F-4CD8-9FEA-775E44BB87FA}.Release|Any CPU.Build.0 = Release|Any CPU
		{9EFF3BE6-585F-4CD8-9FEA-775E44BB87FA}.Release|x64.ActiveCfg = Release|Any CPU
		{9EFF3BE6-585F-4CD8-9FEA-775E44BB87FA}.Release|x64.Build.0 = Release|Any CPU
		{9EFF3BE6-585F-4CD8-9FEA-775E44BB87FA}.Release|x86.ActiveCfg = Release|Any CPU
		{9EFF3BE6-585F-4CD8-9FEA-775E44BB87FA}.Release|x86.Build.0 = Release|Any CPU
		{27B7A974-F0E0-4732-85FA-1051155A4D5A}.Debug|Any CPU.ActiveCfg = Debug|Any CPU
		{27B7A974-F0E0-4732-85FA-1051155A4D5A}.Debug|Any CPU.Build.0 = Debug|Any CPU
		{27B7A974-F0E0-4732-85FA-1051155A4D5A}.Debug|x64.ActiveCfg = Debug|Any CPU
		{27B7A974-F0E0-4732-85FA-1051155A4D5A}.Debug|x64.Build.0 = Debug|Any CPU
		{27B7A974-F0E0-4732-85FA-1051155A4D5A}.Debug|x86.ActiveCfg = Debug|Any CPU
		{27B7A974-F0E0-4732-85FA-1051155A4D5A}.Debug|x86.Build.0 = Debug|Any CPU
		{27B7A974-F0E0-4732-85FA-1051155A4D5A}.Release|Any CPU.ActiveCfg = Release|Any CPU
		{27B7A974-F0E0-4732-85FA-1051155A4D5A}.Release|Any CPU.Build.0 = Release|Any CPU
		{27B7A974-F0E0-4732-85FA-1051155A4D5A}.Release|x64.ActiveCfg = Release|Any CPU
		{27B7A974-F0E0-4732-85FA-1051155A4D5A}.Release|x64.Build.0 = Release|Any CPU
		{27B7A974-F0E0-4732-85FA-1051155A4D5A}.Release|x86.ActiveCfg = Release|Any CPU
		{27B7A974-F0E0-4732-85FA-1051155A4D5A}.Release|x86.Build.0 = Release|Any CPU
		{0831F328-5E63-4B9D-8348-BEC0B4A2F5F6}.Debug|Any CPU.ActiveCfg = Debug|Any CPU
		{0831F328-5E63-4B9D-8348-BEC0B4A2F5F6}.Debug|Any CPU.Build.0 = Debug|Any CPU
		{0831F328-5E63-4B9D-8348-BEC0B4A2F5F6}.Debug|x64.ActiveCfg = Debug|Any CPU
		{0831F328-5E63-4B9D-8348-BEC0B4A2F5F6}.Debug|x64.Build.0 = Debug|Any CPU
		{0831F328-5E63-4B9D-8348-BEC0B4A2F5F6}.Debug|x86.ActiveCfg = Debug|Any CPU
		{0831F328-5E63-4B9D-8348-BEC0B4A2F5F6}.Debug|x86.Build.0 = Debug|Any CPU
		{0831F328-5E63-4B9D-8348-BEC0B4A2F5F6}.Release|Any CPU.ActiveCfg = Release|Any CPU
		{0831F328-5E63-4B9D-8348-BEC0B4A2F5F6}.Release|Any CPU.Build.0 = Release|Any CPU
		{0831F328-5E63-4B9D-8348-BEC0B4A2F5F6}.Release|x64.ActiveCfg = Release|Any CPU
		{0831F328-5E63-4B9D-8348-BEC0B4A2F5F6}.Release|x64.Build.0 = Release|Any CPU
		{0831F328-5E63-4B9D-8348-BEC0B4A2F5F6}.Release|x86.ActiveCfg = Release|Any CPU
		{0831F328-5E63-4B9D-8348-BEC0B4A2F5F6}.Release|x86.Build.0 = Release|Any CPU
		{7716CB43-A241-4529-BBB5-455BF1EC1D97}.Debug|Any CPU.ActiveCfg = Debug|Any CPU
		{7716CB43-A241-4529-BBB5-455BF1EC1D97}.Debug|Any CPU.Build.0 = Debug|Any CPU
		{7716CB43-A241-4529-BBB5-455BF1EC1D97}.Debug|x64.ActiveCfg = Debug|Any CPU
		{7716CB43-A241-4529-BBB5-455BF1EC1D97}.Debug|x64.Build.0 = Debug|Any CPU
		{7716CB43-A241-4529-BBB5-455BF1EC1D97}.Debug|x86.ActiveCfg = Debug|Any CPU
		{7716CB43-A241-4529-BBB5-455BF1EC1D97}.Debug|x86.Build.0 = Debug|Any CPU
		{7716CB43-A241-4529-BBB5-455BF1EC1D97}.Release|Any CPU.ActiveCfg = Release|Any CPU
		{7716CB43-A241-4529-BBB5-455BF1EC1D97}.Release|Any CPU.Build.0 = Release|Any CPU
		{7716CB43-A241-4529-BBB5-455BF1EC1D97}.Release|x64.ActiveCfg = Release|Any CPU
		{7716CB43-A241-4529-BBB5-455BF1EC1D97}.Release|x64.Build.0 = Release|Any CPU
		{7716CB43-A241-4529-BBB5-455BF1EC1D97}.Release|x86.ActiveCfg = Release|Any CPU
		{7716CB43-A241-4529-BBB5-455BF1EC1D97}.Release|x86.Build.0 = Release|Any CPU
		{81057530-51E9-40EE-B64B-245A0173E570}.Debug|Any CPU.ActiveCfg = Debug|Any CPU
		{81057530-51E9-40EE-B64B-245A0173E570}.Debug|Any CPU.Build.0 = Debug|Any CPU
		{81057530-51E9-40EE-B64B-245A0173E570}.Debug|x64.ActiveCfg = Debug|Any CPU
		{81057530-51E9-40EE-B64B-245A0173E570}.Debug|x64.Build.0 = Debug|Any CPU
		{81057530-51E9-40EE-B64B-245A0173E570}.Debug|x86.ActiveCfg = Debug|Any CPU
		{81057530-51E9-40EE-B64B-245A0173E570}.Debug|x86.Build.0 = Debug|Any CPU
		{81057530-51E9-40EE-B64B-245A0173E570}.Release|Any CPU.ActiveCfg = Release|Any CPU
		{81057530-51E9-40EE-B64B-245A0173E570}.Release|Any CPU.Build.0 = Release|Any CPU
		{81057530-51E9-40EE-B64B-245A0173E570}.Release|x64.ActiveCfg = Release|Any CPU
		{81057530-51E9-40EE-B64B-245A0173E570}.Release|x64.Build.0 = Release|Any CPU
		{81057530-51E9-40EE-B64B-245A0173E570}.Release|x86.ActiveCfg = Release|Any CPU
		{81057530-51E9-40EE-B64B-245A0173E570}.Release|x86.Build.0 = Release|Any CPU
		{6755C92A-3A50-4221-9107-F05780851BEF}.Debug|Any CPU.ActiveCfg = Debug|Any CPU
		{6755C92A-3A50-4221-9107-F05780851BEF}.Debug|Any CPU.Build.0 = Debug|Any CPU
		{6755C92A-3A50-4221-9107-F05780851BEF}.Debug|x64.ActiveCfg = Debug|Any CPU
		{6755C92A-3A50-4221-9107-F05780851BEF}.Debug|x64.Build.0 = Debug|Any CPU
		{6755C92A-3A50-4221-9107-F05780851BEF}.Debug|x86.ActiveCfg = Debug|Any CPU
		{6755C92A-3A50-4221-9107-F05780851BEF}.Debug|x86.Build.0 = Debug|Any CPU
		{6755C92A-3A50-4221-9107-F05780851BEF}.Release|Any CPU.ActiveCfg = Release|Any CPU
		{6755C92A-3A50-4221-9107-F05780851BEF}.Release|Any CPU.Build.0 = Release|Any CPU
		{6755C92A-3A50-4221-9107-F05780851BEF}.Release|x64.ActiveCfg = Release|Any CPU
		{6755C92A-3A50-4221-9107-F05780851BEF}.Release|x64.Build.0 = Release|Any CPU
		{6755C92A-3A50-4221-9107-F05780851BEF}.Release|x86.ActiveCfg = Release|Any CPU
		{6755C92A-3A50-4221-9107-F05780851BEF}.Release|x86.Build.0 = Release|Any CPU
		{A92B20A5-4E3E-4FE9-B02D-921240253DD0}.Debug|Any CPU.ActiveCfg = Debug|Any CPU
		{A92B20A5-4E3E-4FE9-B02D-921240253DD0}.Debug|Any CPU.Build.0 = Debug|Any CPU
		{A92B20A5-4E3E-4FE9-B02D-921240253DD0}.Debug|x64.ActiveCfg = Debug|Any CPU
		{A92B20A5-4E3E-4FE9-B02D-921240253DD0}.Debug|x64.Build.0 = Debug|Any CPU
		{A92B20A5-4E3E-4FE9-B02D-921240253DD0}.Debug|x86.ActiveCfg = Debug|Any CPU
		{A92B20A5-4E3E-4FE9-B02D-921240253DD0}.Debug|x86.Build.0 = Debug|Any CPU
		{A92B20A5-4E3E-4FE9-B02D-921240253DD0}.Release|Any CPU.ActiveCfg = Release|Any CPU
		{A92B20A5-4E3E-4FE9-B02D-921240253DD0}.Release|Any CPU.Build.0 = Release|Any CPU
		{A92B20A5-4E3E-4FE9-B02D-921240253DD0}.Release|x64.ActiveCfg = Release|Any CPU
		{A92B20A5-4E3E-4FE9-B02D-921240253DD0}.Release|x64.Build.0 = Release|Any CPU
		{A92B20A5-4E3E-4FE9-B02D-921240253DD0}.Release|x86.ActiveCfg = Release|Any CPU
		{A92B20A5-4E3E-4FE9-B02D-921240253DD0}.Release|x86.Build.0 = Release|Any CPU
		{A2F4F267-8965-45DF-A8F4-F8CAE3BF861D}.Debug|Any CPU.ActiveCfg = Debug|Any CPU
		{A2F4F267-8965-45DF-A8F4-F8CAE3BF861D}.Debug|Any CPU.Build.0 = Debug|Any CPU
		{A2F4F267-8965-45DF-A8F4-F8CAE3BF861D}.Debug|x64.ActiveCfg = Debug|Any CPU
		{A2F4F267-8965-45DF-A8F4-F8CAE3BF861D}.Debug|x64.Build.0 = Debug|Any CPU
		{A2F4F267-8965-45DF-A8F4-F8CAE3BF861D}.Debug|x86.ActiveCfg = Debug|Any CPU
		{A2F4F267-8965-45DF-A8F4-F8CAE3BF861D}.Debug|x86.Build.0 = Debug|Any CPU
		{A2F4F267-8965-45DF-A8F4-F8CAE3BF861D}.Release|Any CPU.ActiveCfg = Release|Any CPU
		{A2F4F267-8965-45DF-A8F4-F8CAE3BF861D}.Release|Any CPU.Build.0 = Release|Any CPU
		{A2F4F267-8965-45DF-A8F4-F8CAE3BF861D}.Release|x64.ActiveCfg = Release|Any CPU
		{A2F4F267-8965-45DF-A8F4-F8CAE3BF861D}.Release|x64.Build.0 = Release|Any CPU
		{A2F4F267-8965-45DF-A8F4-F8CAE3BF861D}.Release|x86.ActiveCfg = Release|Any CPU
		{A2F4F267-8965-45DF-A8F4-F8CAE3BF861D}.Release|x86.Build.0 = Release|Any CPU
		{3DA5958B-041B-47EA-BC66-03DC841060C4}.Debug|Any CPU.ActiveCfg = Debug|Any CPU
		{3DA5958B-041B-47EA-BC66-03DC841060C4}.Debug|Any CPU.Build.0 = Debug|Any CPU
		{3DA5958B-041B-47EA-BC66-03DC841060C4}.Debug|x64.ActiveCfg = Debug|Any CPU
		{3DA5958B-041B-47EA-BC66-03DC841060C4}.Debug|x64.Build.0 = Debug|Any CPU
		{3DA5958B-041B-47EA-BC66-03DC841060C4}.Debug|x86.ActiveCfg = Debug|Any CPU
		{3DA5958B-041B-47EA-BC66-03DC841060C4}.Debug|x86.Build.0 = Debug|Any CPU
		{3DA5958B-041B-47EA-BC66-03DC841060C4}.Release|Any CPU.ActiveCfg = Release|Any CPU
		{3DA5958B-041B-47EA-BC66-03DC841060C4}.Release|Any CPU.Build.0 = Release|Any CPU
		{3DA5958B-041B-47EA-BC66-03DC841060C4}.Release|x64.ActiveCfg = Release|Any CPU
		{3DA5958B-041B-47EA-BC66-03DC841060C4}.Release|x64.Build.0 = Release|Any CPU
		{3DA5958B-041B-47EA-BC66-03DC841060C4}.Release|x86.ActiveCfg = Release|Any CPU
		{3DA5958B-041B-47EA-BC66-03DC841060C4}.Release|x86.Build.0 = Release|Any CPU
		{16EF8366-30DC-4284-B229-E96F0C31038A}.Debug|Any CPU.ActiveCfg = Debug|Any CPU
		{16EF8366-30DC-4284-B229-E96F0C31038A}.Debug|Any CPU.Build.0 = Debug|Any CPU
		{16EF8366-30DC-4284-B229-E96F0C31038A}.Debug|x64.ActiveCfg = Debug|Any CPU
		{16EF8366-30DC-4284-B229-E96F0C31038A}.Debug|x64.Build.0 = Debug|Any CPU
		{16EF8366-30DC-4284-B229-E96F0C31038A}.Debug|x86.ActiveCfg = Debug|Any CPU
		{16EF8366-30DC-4284-B229-E96F0C31038A}.Debug|x86.Build.0 = Debug|Any CPU
		{16EF8366-30DC-4284-B229-E96F0C31038A}.Release|Any CPU.ActiveCfg = Release|Any CPU
		{16EF8366-30DC-4284-B229-E96F0C31038A}.Release|Any CPU.Build.0 = Release|Any CPU
		{16EF8366-30DC-4284-B229-E96F0C31038A}.Release|x64.ActiveCfg = Release|Any CPU
		{16EF8366-30DC-4284-B229-E96F0C31038A}.Release|x64.Build.0 = Release|Any CPU
		{16EF8366-30DC-4284-B229-E96F0C31038A}.Release|x86.ActiveCfg = Release|Any CPU
		{16EF8366-30DC-4284-B229-E96F0C31038A}.Release|x86.Build.0 = Release|Any CPU
		{7DC42C52-B2CA-4F90-ABF2-5A1D0514E577}.Debug|Any CPU.ActiveCfg = Debug|Any CPU
		{7DC42C52-B2CA-4F90-ABF2-5A1D0514E577}.Debug|Any CPU.Build.0 = Debug|Any CPU
		{7DC42C52-B2CA-4F90-ABF2-5A1D0514E577}.Debug|x64.ActiveCfg = Debug|Any CPU
		{7DC42C52-B2CA-4F90-ABF2-5A1D0514E577}.Debug|x64.Build.0 = Debug|Any CPU
		{7DC42C52-B2CA-4F90-ABF2-5A1D0514E577}.Debug|x86.ActiveCfg = Debug|Any CPU
		{7DC42C52-B2CA-4F90-ABF2-5A1D0514E577}.Debug|x86.Build.0 = Debug|Any CPU
		{7DC42C52-B2CA-4F90-ABF2-5A1D0514E577}.Release|Any CPU.ActiveCfg = Release|Any CPU
		{7DC42C52-B2CA-4F90-ABF2-5A1D0514E577}.Release|Any CPU.Build.0 = Release|Any CPU
		{7DC42C52-B2CA-4F90-ABF2-5A1D0514E577}.Release|x64.ActiveCfg = Release|Any CPU
		{7DC42C52-B2CA-4F90-ABF2-5A1D0514E577}.Release|x64.Build.0 = Release|Any CPU
		{7DC42C52-B2CA-4F90-ABF2-5A1D0514E577}.Release|x86.ActiveCfg = Release|Any CPU
		{7DC42C52-B2CA-4F90-ABF2-5A1D0514E577}.Release|x86.Build.0 = Release|Any CPU
		{657393B5-75FB-4088-BD7F-46E01D148F93}.Debug|Any CPU.ActiveCfg = Debug|Any CPU
		{657393B5-75FB-4088-BD7F-46E01D148F93}.Debug|Any CPU.Build.0 = Debug|Any CPU
		{657393B5-75FB-4088-BD7F-46E01D148F93}.Debug|x64.ActiveCfg = Debug|Any CPU
		{657393B5-75FB-4088-BD7F-46E01D148F93}.Debug|x64.Build.0 = Debug|Any CPU
		{657393B5-75FB-4088-BD7F-46E01D148F93}.Debug|x86.ActiveCfg = Debug|Any CPU
		{657393B5-75FB-4088-BD7F-46E01D148F93}.Debug|x86.Build.0 = Debug|Any CPU
		{657393B5-75FB-4088-BD7F-46E01D148F93}.Release|Any CPU.ActiveCfg = Release|Any CPU
		{657393B5-75FB-4088-BD7F-46E01D148F93}.Release|Any CPU.Build.0 = Release|Any CPU
		{657393B5-75FB-4088-BD7F-46E01D148F93}.Release|x64.ActiveCfg = Release|Any CPU
		{657393B5-75FB-4088-BD7F-46E01D148F93}.Release|x64.Build.0 = Release|Any CPU
		{657393B5-75FB-4088-BD7F-46E01D148F93}.Release|x86.ActiveCfg = Release|Any CPU
		{657393B5-75FB-4088-BD7F-46E01D148F93}.Release|x86.Build.0 = Release|Any CPU
	EndGlobalSection
	GlobalSection(SolutionProperties) = preSolution
		HideSolutionNode = FALSE
	EndGlobalSection
	GlobalSection(NestedProjects) = preSolution
		{9EFF3BE6-585F-4CD8-9FEA-775E44BB87FA} = {DEAD1573-581C-46B5-BA3C-D40213E7ADAB}
		{0831F328-5E63-4B9D-8348-BEC0B4A2F5F6} = {1B2B45B1-9CDC-4D19-84F8-EDCD50B1867A}
		{81057530-51E9-40EE-B64B-245A0173E570} = {1B2B45B1-9CDC-4D19-84F8-EDCD50B1867A}
		{DEAD1573-581C-46B5-BA3C-D40213E7ADAB} = {1B2B45B1-9CDC-4D19-84F8-EDCD50B1867A}
		{A92B20A5-4E3E-4FE9-B02D-921240253DD0} = {DEAD1573-581C-46B5-BA3C-D40213E7ADAB}
		{B7262043-B098-49CD-8CDB-7C56743D4EEA} = {1B2B45B1-9CDC-4D19-84F8-EDCD50B1867A}
		{A2F4F267-8965-45DF-A8F4-F8CAE3BF861D} = {B7262043-B098-49CD-8CDB-7C56743D4EEA}
		{3DA5958B-041B-47EA-BC66-03DC841060C4} = {B7262043-B098-49CD-8CDB-7C56743D4EEA}
		{16EF8366-30DC-4284-B229-E96F0C31038A} = {DEAD1573-581C-46B5-BA3C-D40213E7ADAB}
	EndGlobalSection
	GlobalSection(ExtensibilityGlobals) = postSolution
		SolutionGuid = {0EDF42B2-F92E-4DF1-92EF-88C2E8C14479}
	EndGlobalSection
EndGlobal
